
Microsoft Visual Studio Solution File, Format Version 12.00
# Visual Studio Version 16
VisualStudioVersion = 25.0.1706.0
MinimumVisualStudioVersion = 10.0.40219.1
Project("{FAE04EC0-301F-11D3-BF4B-00C04F79EFBC}") = "Automarket", "Automarket\Automarket.csproj", "{5212DFF0-E016-4DEC-A9FE-9415CF03B086}"
EndProject
Project("{2150E333-8FDC-42A3-9474-1A3956D46DE8}") = "Domain", "Domain", "{31783CF7-2847-4A93-A93C-7A7EF4169FF2}"
EndProject
Project("{FAE04EC0-301F-11D3-BF4B-00C04F79EFBC}") = "Automarket.Domain", "Automarket.Domain\Automarket.Domain.csproj", "{21327908-2478-401A-92AB-81D0E13C313C}"
EndProject
Project("{2150E333-8FDC-42A3-9474-1A3956D46DE8}") = "DAL", "DAL", "{C86840B6-41A8-49A7-B377-D643AFD2B366}"
EndProject
Project("{FAE04EC0-301F-11D3-BF4B-00C04F79EFBC}") = "Automarket.DAL", "Automarket.DAL\Automarket.DAL.csproj", "{72FE5B3F-8D75-40B5-9191-91D0D284A6D3}"
EndProject
Project("{2150E333-8FDC-42A3-9474-1A3956D46DE8}") = "Service", "Service", "{5050769D-1FEB-4382-938D-E8E2CEB2411B}"
EndProject
Project("{FAE04EC0-301F-11D3-BF4B-00C04F79EFBC}") = "Automarket.Service", "Automarket.Service\Automarket.Service.csproj", "{3D4B7D0E-6951-484B-992A-3660B5A9A455}"
EndProject
Global
	GlobalSection(SolutionConfigurationPlatforms) = preSolution
		Debug|Any CPU = Debug|Any CPU
		Release|Any CPU = Release|Any CPU
	EndGlobalSection
	GlobalSection(ProjectConfigurationPlatforms) = postSolution
		{5212DFF0-E016-4DEC-A9FE-9415CF03B086}.Debug|Any CPU.ActiveCfg = Debug|Any CPU
		{5212DFF0-E016-4DEC-A9FE-9415CF03B086}.Debug|Any CPU.Build.0 = Debug|Any CPU
		{5212DFF0-E016-4DEC-A9FE-9415CF03B086}.Release|Any CPU.ActiveCfg = Release|Any CPU
		{5212DFF0-E016-4DEC-A9FE-9415CF03B086}.Release|Any CPU.Build.0 = Release|Any CPU
		{21327908-2478-401A-92AB-81D0E13C313C}.Debug|Any CPU.ActiveCfg = Debug|Any CPU
		{21327908-2478-401A-92AB-81D0E13C313C}.Debug|Any CPU.Build.0 = Debug|Any CPU
		{21327908-2478-401A-92AB-81D0E13C313C}.Release|Any CPU.ActiveCfg = Release|Any CPU
		{21327908-2478-401A-92AB-81D0E13C313C}.Release|Any CPU.Build.0 = Release|Any CPU
		{72FE5B3F-8D75-40B5-9191-91D0D284A6D3}.Debug|Any CPU.ActiveCfg = Debug|Any CPU
		{72FE5B3F-8D75-40B5-9191-91D0D284A6D3}.Debug|Any CPU.Build.0 = Debug|Any CPU
		{72FE5B3F-8D75-40B5-9191-91D0D284A6D3}.Release|Any CPU.ActiveCfg = Release|Any CPU
		{72FE5B3F-8D75-40B5-9191-91D0D284A6D3}.Release|Any CPU.Build.0 = Release|Any CPU
		{3D4B7D0E-6951-484B-992A-3660B5A9A455}.Debug|Any CPU.ActiveCfg = Debug|Any CPU
		{3D4B7D0E-6951-484B-992A-3660B5A9A455}.Debug|Any CPU.Build.0 = Debug|Any CPU
		{3D4B7D0E-6951-484B-992A-3660B5A9A455}.Release|Any CPU.ActiveCfg = Release|Any CPU
		{3D4B7D0E-6951-484B-992A-3660B5A9A455}.Release|Any CPU.Build.0 = Release|Any CPU
	EndGlobalSection
	GlobalSection(SolutionProperties) = preSolution
		HideSolutionNode = FALSE
	EndGlobalSection
	GlobalSection(ExtensibilityGlobals) = postSolution
		SolutionGuid = {40F8AE1A-02C5-489E-BCF2-85D0B6D9CF84}
	EndGlobalSection
	GlobalSection(NestedProjects) = preSolution
		{21327908-2478-401A-92AB-81D0E13C313C} = {31783CF7-2847-4A93-A93C-7A7EF4169FF2}
		{72FE5B3F-8D75-40B5-9191-91D0D284A6D3} = {C86840B6-41A8-49A7-B377-D643AFD2B366}
		{3D4B7D0E-6951-484B-992A-3660B5A9A455} = {5050769D-1FEB-4382-938D-E8E2CEB2411B}
	EndGlobalSection
EndGlobal
